
Microsoft Visual Studio Solution File, Format Version 12.00
# Visual Studio 15
VisualStudioVersion = 15.0.27130.2024
MinimumVisualStudioVersion = 10.0.40219.1
Project("{FAE04EC0-301F-11D3-BF4B-00C04F79EFBC}") = "SerwerKiK", "SerwerKiK\SerwerKiK.csproj", "{FD5A5D5D-D393-4711-B5EE-165C7A585D69}"
EndProject
Global
	GlobalSection(SolutionConfigurationPlatforms) = preSolution
		Debug|Any CPU = Debug|Any CPU
		Release|Any CPU = Release|Any CPU
	EndGlobalSection
	GlobalSection(ProjectConfigurationPlatforms) = postSolution
		{FD5A5D5D-D393-4711-B5EE-165C7A585D69}.Debug|Any CPU.ActiveCfg = Debug|Any CPU
		{FD5A5D5D-D393-4711-B5EE-165C7A585D69}.Debug|Any CPU.Build.0 = Debug|Any CPU
		{FD5A5D5D-D393-4711-B5EE-165C7A585D69}.Release|Any CPU.ActiveCfg = Release|Any CPU
		{FD5A5D5D-D393-4711-B5EE-165C7A585D69}.Release|Any CPU.Build.0 = Release|Any CPU
	EndGlobalSection
	GlobalSection(SolutionProperties) = preSolution
		HideSolutionNode = FALSE
	EndGlobalSection
	GlobalSection(ExtensibilityGlobals) = postSolution
		SolutionGuid = {786614E5-508F-4FB6-BDFF-7180FA12636C}
	EndGlobalSection
EndGlobal
